
Microsoft Visual Studio Solution File, Format Version 12.00
# Visual Studio Version 17
VisualStudioVersion = 17.14.36414.22
MinimumVisualStudioVersion = 10.0.40219.1
Project("{FAE04EC0-301F-11D3-BF4B-00C04F79EFBC}") = "L001_Introduktion", "Code-alongs\L001_Introduktion\L001_Introduktion.csproj", "{DBE932C2-B9FD-F4E8-C2DD-683C91856C49}"
EndProject
Global
	GlobalSection(SolutionConfigurationPlatforms) = preSolution
		Debug|Any CPU = Debug|Any CPU
		Release|Any CPU = Release|Any CPU
	EndGlobalSection
	GlobalSection(ProjectConfigurationPlatforms) = postSolution
		{DBE932C2-B9FD-F4E8-C2DD-683C91856C49}.Debug|Any CPU.ActiveCfg = Debug|Any CPU
		{DBE932C2-B9FD-F4E8-C2DD-683C91856C49}.Debug|Any CPU.Build.0 = Debug|Any CPU
		{DBE932C2-B9FD-F4E8-C2DD-683C91856C49}.Release|Any CPU.ActiveCfg = Release|Any CPU
		{DBE932C2-B9FD-F4E8-C2DD-683C91856C49}.Release|Any CPU.Build.0 = Release|Any CPU
	EndGlobalSection
	GlobalSection(SolutionProperties) = preSolution
		HideSolutionNode = FALSE
	EndGlobalSection
	GlobalSection(ExtensibilityGlobals) = postSolution
		SolutionGuid = {6782C782-90F2-4ED8-9AD4-3424C1AE3E37}
	EndGlobalSection
EndGlobal
