
Microsoft Visual Studio Solution File, Format Version 12.00
# Visual Studio Version 17
VisualStudioVersion = 17.14.36414.22
MinimumVisualStudioVersion = 10.0.40219.1
Project("{FAE04EC0-301F-11D3-BF4B-00C04F79EFBC}") = "L001_Introduktion", "Code-alongs\L001_Introduktion\L001_Introduktion.csproj", "{DBE932C2-B9FD-F4E8-C2DD-683C91856C49}"
EndProject
Project("{FAE04EC0-301F-11D3-BF4B-00C04F79EFBC}") = "L002_Variabler", "Code-alongs\L002_Variabler\L002_Variabler.csproj", "{2A1D56AA-4B90-4284-8F5B-B91B24997F63}"
EndProject
Project("{FAE04EC0-301F-11D3-BF4B-00C04F79EFBC}") = "L003_Operatorer", "Code-alongs\L003_Operatorer\L003_Operatorer.csproj", "{59486D43-9993-4DF5-880E-A0ABA74BD20A}"
EndProject
Project("{FAE04EC0-301F-11D3-BF4B-00C04F79EFBC}") = "L004_If-satser", "Code-alongs\L004_If-satser\L004_If-satser.csproj", "{E1C45565-F4BC-41B2-9DC4-962396A0D74D}"
EndProject
Global
	GlobalSection(SolutionConfigurationPlatforms) = preSolution
		Debug|Any CPU = Debug|Any CPU
		Release|Any CPU = Release|Any CPU
	EndGlobalSection
	GlobalSection(ProjectConfigurationPlatforms) = postSolution
		{DBE932C2-B9FD-F4E8-C2DD-683C91856C49}.Debug|Any CPU.ActiveCfg = Debug|Any CPU
		{DBE932C2-B9FD-F4E8-C2DD-683C91856C49}.Debug|Any CPU.Build.0 = Debug|Any CPU
		{DBE932C2-B9FD-F4E8-C2DD-683C91856C49}.Release|Any CPU.ActiveCfg = Release|Any CPU
		{DBE932C2-B9FD-F4E8-C2DD-683C91856C49}.Release|Any CPU.Build.0 = Release|Any CPU
		{2A1D56AA-4B90-4284-8F5B-B91B24997F63}.Debug|Any CPU.ActiveCfg = Debug|Any CPU
		{2A1D56AA-4B90-4284-8F5B-B91B24997F63}.Debug|Any CPU.Build.0 = Debug|Any CPU
		{2A1D56AA-4B90-4284-8F5B-B91B24997F63}.Release|Any CPU.ActiveCfg = Release|Any CPU
		{2A1D56AA-4B90-4284-8F5B-B91B24997F63}.Release|Any CPU.Build.0 = Release|Any CPU
		{59486D43-9993-4DF5-880E-A0ABA74BD20A}.Debug|Any CPU.ActiveCfg = Debug|Any CPU
		{59486D43-9993-4DF5-880E-A0ABA74BD20A}.Debug|Any CPU.Build.0 = Debug|Any CPU
		{59486D43-9993-4DF5-880E-A0ABA74BD20A}.Release|Any CPU.ActiveCfg = Release|Any CPU
		{59486D43-9993-4DF5-880E-A0ABA74BD20A}.Release|Any CPU.Build.0 = Release|Any CPU
		{E1C45565-F4BC-41B2-9DC4-962396A0D74D}.Debug|Any CPU.ActiveCfg = Debug|Any CPU
		{E1C45565-F4BC-41B2-9DC4-962396A0D74D}.Debug|Any CPU.Build.0 = Debug|Any CPU
		{E1C45565-F4BC-41B2-9DC4-962396A0D74D}.Release|Any CPU.ActiveCfg = Release|Any CPU
		{E1C45565-F4BC-41B2-9DC4-962396A0D74D}.Release|Any CPU.Build.0 = Release|Any CPU
	EndGlobalSection
	GlobalSection(SolutionProperties) = preSolution
		HideSolutionNode = FALSE
	EndGlobalSection
	GlobalSection(ExtensibilityGlobals) = postSolution
		SolutionGuid = {6782C782-90F2-4ED8-9AD4-3424C1AE3E37}
	EndGlobalSection
EndGlobal
