
Microsoft Visual Studio Solution File, Format Version 12.00
# Visual Studio Version 17
VisualStudioVersion = 17.14.36414.22
MinimumVisualStudioVersion = 10.0.40219.1
Project("{FAE04EC0-301F-11D3-BF4B-00C04F79EFBC}") = "L001_Introduktion", "Code-alongs\L001_Introduktion\L001_Introduktion.csproj", "{DBE932C2-B9FD-F4E8-C2DD-683C91856C49}"
EndProject
Project("{FAE04EC0-301F-11D3-BF4B-00C04F79EFBC}") = "L002_Variabler", "Code-alongs\L002_Variabler\L002_Variabler.csproj", "{2A1D56AA-4B90-4284-8F5B-B91B24997F63}"
EndProject
Project("{FAE04EC0-301F-11D3-BF4B-00C04F79EFBC}") = "L003_Operatorer", "Code-alongs\L003_Operatorer\L003_Operatorer.csproj", "{59486D43-9993-4DF5-880E-A0ABA74BD20A}"
EndProject
Project("{FAE04EC0-301F-11D3-BF4B-00C04F79EFBC}") = "L004_If-satser", "Code-alongs\L004_If-satser\L004_If-satser.csproj", "{E1C45565-F4BC-41B2-9DC4-962396A0D74D}"
EndProject
Project("{FAE04EC0-301F-11D3-BF4B-00C04F79EFBC}") = "L005_Loopar", "Code-alongs\L005_Loopar\L005_Loopar.csproj", "{AA315990-5096-4E9E-A4B6-C322923BA2CA}"
EndProject
Project("{FAE04EC0-301F-11D3-BF4B-00C04F79EFBC}") = "L006_Array", "Code-alongs\L006_Array\L006_Array.csproj", "{4B481645-A651-4111-9329-47A22F275E8B}"
EndProject
Project("{FAE04EC0-301F-11D3-BF4B-00C04F79EFBC}") = "L007_Strängar", "Code-alongs\L007_Strängar\L007_Strängar.csproj", "{0D20B415-C14C-47FC-B29B-4A9D13661828}"
EndProject
Project("{FAE04EC0-301F-11D3-BF4B-00C04F79EFBC}") = "L008_Funktioner", "Code-alongs\L008_Funktioner\L008_Funktioner.csproj", "{9E9593B1-3005-4666-AFCB-48BD1F48A461}"
EndProject
Project("{FAE04EC0-301F-11D3-BF4B-00C04F79EFBC}") = "Exercises", "Code-alongs\Exercises\Exercises.csproj", "{3043EE2A-47DA-43A6-8855-85ECBC65200D}"
EndProject
Project("{FAE04EC0-301F-11D3-BF4B-00C04F79EFBC}") = "L009_String_och_Char-metoder", "Code-alongs\L009_String_och_Char-metoder\L009_String_och_Char-metoder.csproj", "{7417B26C-035F-4E58-AFEC-B63A17DE1DB7}"
EndProject
Project("{FAE04EC0-301F-11D3-BF4B-00C04F79EFBC}") = "L010_Math_Random_Console", "Code-alongs\L010_Math_Random_Console\L010_Math_Random_Console.csproj", "{E695D3E4-1959-4D9B-AC66-D2B8AD76D1D7}"
EndProject
Project("{FAE04EC0-301F-11D3-BF4B-00C04F79EFBC}") = "L011_Exception_handling", "Code-alongs\L011_Exception_handling\L011_Exception_handling.csproj", "{67C53C8F-397D-45EB-8713-D9C2B6134F38}"
EndProject
Project("{FAE04EC0-301F-11D3-BF4B-00C04F79EFBC}") = "L012_CharacterEncoding", "Code-alongs\L012_CharacterEncoding\L012_CharacterEncoding.csproj", "{350C6B1D-2A95-41A4-9CA5-8B4B71F706DB}"
EndProject
Project("{FAE04EC0-301F-11D3-BF4B-00C04F79EFBC}") = "L013_Path_and_Directory", "Code-alongs\L013_Path_and_Directory\L013_Path_and_Directory.csproj", "{D9454EAD-9C55-4354-B106-F5DBDE08F1C4}"
EndProject
Project("{FAE04EC0-301F-11D3-BF4B-00C04F79EFBC}") = "L014_StreamReader_&_StreamWriter", "Code-alongs\L014_StreamReader_&_StreamWriter\L014_StreamReader_&_StreamWriter.csproj", "{18526871-E149-471C-BE9F-2ADD691E66A6}"
EndProject
Project("{FAE04EC0-301F-11D3-BF4B-00C04F79EFBC}") = "L015_FileStream", "Code-alongs\L015_FileStream\L015_FileStream.csproj", "{CDB862D2-3F57-417A-AE19-A3ABDD48A1F3}"
EndProject
Project("{FAE04EC0-301F-11D3-BF4B-00C04F79EFBC}") = "L016_OOP_Intro", "Code-alongs\L016_OOP_Intro\L016_OOP_Intro.csproj", "{E6651E1D-90B8-4B79-9995-B37E47CACCDD}"
EndProject
Project("{FAE04EC0-301F-11D3-BF4B-00C04F79EFBC}") = "L017_Main_method_entry_point", "Code-alongs\L017_Main_method_entry_point\L017_Main_method_entry_point.csproj", "{763E7502-0C4B-438D-BEE8-CF979D01DB2D}"
EndProject
Project("{FAE04EC0-301F-11D3-BF4B-00C04F79EFBC}") = "L018_Namespaces", "Code-alongs\L018_Namespaces\L018_Namespaces.csproj", "{990D4793-552A-4765-BA4B-96606B8E8BB3}"
EndProject
Project("{FAE04EC0-301F-11D3-BF4B-00C04F79EFBC}") = "L019_Konstruktor", "Code-alongs\L019_Konstruktor\L019_Konstruktor.csproj", "{0B41EFB1-37A5-4561-8662-8E8F48E61C0C}"
EndProject
Project("{FAE04EC0-301F-11D3-BF4B-00C04F79EFBC}") = "L020_Properties", "Code-alongs\L020_Properties\L020_Properties.csproj", "{25A0231D-A6C4-4887-A7A6-32EBCD8EEDB2}"
EndProject
Project("{FAE04EC0-301F-11D3-BF4B-00C04F79EFBC}") = "L021_Pass_by_value_vs_Pass_by_reference", "Code-alongs\L021_Pass_by_value_vs_Pass_by_reference\L021_Pass_by_value_vs_Pass_by_reference.csproj", "{01EED18A-2D32-41A8-BF41-5265CA4C43B2}"
EndProject
Project("{FAE04EC0-301F-11D3-BF4B-00C04F79EFBC}") = "L022_Struct_&_Enum", "Code-alongs\L022_Struct_&_Enum\L022_Struct_&_Enum.csproj", "{6AF77828-C857-44A1-A882-A65CA3952505}"
EndProject
Project("{FAE04EC0-301F-11D3-BF4B-00C04F79EFBC}") = "L023_Arv", "Code-alongs\L023_Arv\L023_Arv.csproj", "{2436B804-10B7-4970-9BBA-B81DB632FDE0}"
EndProject
Project("{FAE04EC0-301F-11D3-BF4B-00C04F79EFBC}") = "L024_Komposition", "Code-alongs\L024_Komposition\L024_Komposition.csproj", "{C21E79BD-4199-4514-8F6A-D4DDAA671CE5}"
EndProject
Project("{FAE04EC0-301F-11D3-BF4B-00C04F79EFBC}") = "L025_Constructor_chaining", "Code-alongs\L025_Constructor_chaining\L025_Constructor_chaining.csproj", "{0C9C1BA1-00AD-41FF-8C54-885370D0E3C7}"
EndProject
Project("{FAE04EC0-301F-11D3-BF4B-00C04F79EFBC}") = "L026_Generics", "Code-alongs\L026_Generics\L026_Generics.csproj", "{6F1D2211-922A-4A9A-A6EB-368600183406}"
EndProject
Project("{FAE04EC0-301F-11D3-BF4B-00C04F79EFBC}") = "L027_List", "Code-alongs\L027_List\L027_List.csproj", "{922CED8F-6D27-4D1B-94BF-0EA3666822A2}"
EndProject
Project("{FAE04EC0-301F-11D3-BF4B-00C04F79EFBC}") = "L028_Dictionary", "Code-alongs\L028_Dictionary\L028_Dictionary.csproj", "{3CFC3164-0D2C-4D0D-8E0C-C2C13C8A99AA}"
EndProject
Project("{FAE04EC0-301F-11D3-BF4B-00C04F79EFBC}") = "L029_Delegates", "Code-alongs\L029_Delegates\L029_Delegates.csproj", "{3F4013EC-CAC2-4473-85C5-4E502F35051E}"
EndProject
Project("{FAE04EC0-301F-11D3-BF4B-00C04F79EFBC}") = "L030_Extension_methods", "Code-alongs\L030_Extension_methods\L030_Extension_methods.csproj", "{7CC6A69D-1A6D-46D7-B3A0-89294B97A073}"
EndProject
Project("{FAE04EC0-301F-11D3-BF4B-00C04F79EFBC}") = "L031_Library", "Code-alongs\L031_Library\L031_Library.csproj", "{14A5EAF1-E770-346D-97AC-1AFDC9B9C1B2}"
EndProject
Project("{FAE04EC0-301F-11D3-BF4B-00C04F79EFBC}") = "L032_Events", "Code-alongs\L032_Events\L032_Events.csproj", "{FE628F89-03E3-4D1A-BF9D-1917B596E41A}"
EndProject
Project("{FAE04EC0-301F-11D3-BF4B-00C04F79EFBC}") = "L033_Lambda_expressions", "Code-alongs\L033_Lambda_expressions\L033_Lambda_expressions.csproj", "{D51E4121-4D2C-499D-A471-48D7DEBDDD07}"
EndProject
Project("{FAE04EC0-301F-11D3-BF4B-00C04F79EFBC}") = "L034_Anonymous_types", "Code-alongs\L034_Anonymous_types\L034_Anonymous_types.csproj", "{9AACC421-AD0D-4B78-93E9-7A5206350F00}"
EndProject
Global
	GlobalSection(SolutionConfigurationPlatforms) = preSolution
		Debug|Any CPU = Debug|Any CPU
		Release|Any CPU = Release|Any CPU
	EndGlobalSection
	GlobalSection(ProjectConfigurationPlatforms) = postSolution
		{DBE932C2-B9FD-F4E8-C2DD-683C91856C49}.Debug|Any CPU.ActiveCfg = Debug|Any CPU
		{DBE932C2-B9FD-F4E8-C2DD-683C91856C49}.Debug|Any CPU.Build.0 = Debug|Any CPU
		{DBE932C2-B9FD-F4E8-C2DD-683C91856C49}.Release|Any CPU.ActiveCfg = Release|Any CPU
		{DBE932C2-B9FD-F4E8-C2DD-683C91856C49}.Release|Any CPU.Build.0 = Release|Any CPU
		{2A1D56AA-4B90-4284-8F5B-B91B24997F63}.Debug|Any CPU.ActiveCfg = Debug|Any CPU
		{2A1D56AA-4B90-4284-8F5B-B91B24997F63}.Debug|Any CPU.Build.0 = Debug|Any CPU
		{2A1D56AA-4B90-4284-8F5B-B91B24997F63}.Release|Any CPU.ActiveCfg = Release|Any CPU
		{2A1D56AA-4B90-4284-8F5B-B91B24997F63}.Release|Any CPU.Build.0 = Release|Any CPU
		{59486D43-9993-4DF5-880E-A0ABA74BD20A}.Debug|Any CPU.ActiveCfg = Debug|Any CPU
		{59486D43-9993-4DF5-880E-A0ABA74BD20A}.Debug|Any CPU.Build.0 = Debug|Any CPU
		{59486D43-9993-4DF5-880E-A0ABA74BD20A}.Release|Any CPU.ActiveCfg = Release|Any CPU
		{59486D43-9993-4DF5-880E-A0ABA74BD20A}.Release|Any CPU.Build.0 = Release|Any CPU
		{E1C45565-F4BC-41B2-9DC4-962396A0D74D}.Debug|Any CPU.ActiveCfg = Debug|Any CPU
		{E1C45565-F4BC-41B2-9DC4-962396A0D74D}.Debug|Any CPU.Build.0 = Debug|Any CPU
		{E1C45565-F4BC-41B2-9DC4-962396A0D74D}.Release|Any CPU.ActiveCfg = Release|Any CPU
		{E1C45565-F4BC-41B2-9DC4-962396A0D74D}.Release|Any CPU.Build.0 = Release|Any CPU
		{AA315990-5096-4E9E-A4B6-C322923BA2CA}.Debug|Any CPU.ActiveCfg = Debug|Any CPU
		{AA315990-5096-4E9E-A4B6-C322923BA2CA}.Debug|Any CPU.Build.0 = Debug|Any CPU
		{AA315990-5096-4E9E-A4B6-C322923BA2CA}.Release|Any CPU.ActiveCfg = Release|Any CPU
		{AA315990-5096-4E9E-A4B6-C322923BA2CA}.Release|Any CPU.Build.0 = Release|Any CPU
		{4B481645-A651-4111-9329-47A22F275E8B}.Debug|Any CPU.ActiveCfg = Debug|Any CPU
		{4B481645-A651-4111-9329-47A22F275E8B}.Debug|Any CPU.Build.0 = Debug|Any CPU
		{4B481645-A651-4111-9329-47A22F275E8B}.Release|Any CPU.ActiveCfg = Release|Any CPU
		{4B481645-A651-4111-9329-47A22F275E8B}.Release|Any CPU.Build.0 = Release|Any CPU
		{0D20B415-C14C-47FC-B29B-4A9D13661828}.Debug|Any CPU.ActiveCfg = Debug|Any CPU
		{0D20B415-C14C-47FC-B29B-4A9D13661828}.Debug|Any CPU.Build.0 = Debug|Any CPU
		{0D20B415-C14C-47FC-B29B-4A9D13661828}.Release|Any CPU.ActiveCfg = Release|Any CPU
		{0D20B415-C14C-47FC-B29B-4A9D13661828}.Release|Any CPU.Build.0 = Release|Any CPU
		{9E9593B1-3005-4666-AFCB-48BD1F48A461}.Debug|Any CPU.ActiveCfg = Debug|Any CPU
		{9E9593B1-3005-4666-AFCB-48BD1F48A461}.Debug|Any CPU.Build.0 = Debug|Any CPU
		{9E9593B1-3005-4666-AFCB-48BD1F48A461}.Release|Any CPU.ActiveCfg = Release|Any CPU
		{9E9593B1-3005-4666-AFCB-48BD1F48A461}.Release|Any CPU.Build.0 = Release|Any CPU
		{3043EE2A-47DA-43A6-8855-85ECBC65200D}.Debug|Any CPU.ActiveCfg = Debug|Any CPU
		{3043EE2A-47DA-43A6-8855-85ECBC65200D}.Debug|Any CPU.Build.0 = Debug|Any CPU
		{3043EE2A-47DA-43A6-8855-85ECBC65200D}.Release|Any CPU.ActiveCfg = Release|Any CPU
		{3043EE2A-47DA-43A6-8855-85ECBC65200D}.Release|Any CPU.Build.0 = Release|Any CPU
		{7417B26C-035F-4E58-AFEC-B63A17DE1DB7}.Debug|Any CPU.ActiveCfg = Debug|Any CPU
		{7417B26C-035F-4E58-AFEC-B63A17DE1DB7}.Debug|Any CPU.Build.0 = Debug|Any CPU
		{7417B26C-035F-4E58-AFEC-B63A17DE1DB7}.Release|Any CPU.ActiveCfg = Release|Any CPU
		{7417B26C-035F-4E58-AFEC-B63A17DE1DB7}.Release|Any CPU.Build.0 = Release|Any CPU
		{E695D3E4-1959-4D9B-AC66-D2B8AD76D1D7}.Debug|Any CPU.ActiveCfg = Debug|Any CPU
		{E695D3E4-1959-4D9B-AC66-D2B8AD76D1D7}.Debug|Any CPU.Build.0 = Debug|Any CPU
		{E695D3E4-1959-4D9B-AC66-D2B8AD76D1D7}.Release|Any CPU.ActiveCfg = Release|Any CPU
		{E695D3E4-1959-4D9B-AC66-D2B8AD76D1D7}.Release|Any CPU.Build.0 = Release|Any CPU
		{67C53C8F-397D-45EB-8713-D9C2B6134F38}.Debug|Any CPU.ActiveCfg = Debug|Any CPU
		{67C53C8F-397D-45EB-8713-D9C2B6134F38}.Debug|Any CPU.Build.0 = Debug|Any CPU
		{67C53C8F-397D-45EB-8713-D9C2B6134F38}.Release|Any CPU.ActiveCfg = Release|Any CPU
		{67C53C8F-397D-45EB-8713-D9C2B6134F38}.Release|Any CPU.Build.0 = Release|Any CPU
		{350C6B1D-2A95-41A4-9CA5-8B4B71F706DB}.Debug|Any CPU.ActiveCfg = Debug|Any CPU
		{350C6B1D-2A95-41A4-9CA5-8B4B71F706DB}.Debug|Any CPU.Build.0 = Debug|Any CPU
		{350C6B1D-2A95-41A4-9CA5-8B4B71F706DB}.Release|Any CPU.ActiveCfg = Release|Any CPU
		{350C6B1D-2A95-41A4-9CA5-8B4B71F706DB}.Release|Any CPU.Build.0 = Release|Any CPU
		{D9454EAD-9C55-4354-B106-F5DBDE08F1C4}.Debug|Any CPU.ActiveCfg = Debug|Any CPU
		{D9454EAD-9C55-4354-B106-F5DBDE08F1C4}.Debug|Any CPU.Build.0 = Debug|Any CPU
		{D9454EAD-9C55-4354-B106-F5DBDE08F1C4}.Release|Any CPU.ActiveCfg = Release|Any CPU
		{D9454EAD-9C55-4354-B106-F5DBDE08F1C4}.Release|Any CPU.Build.0 = Release|Any CPU
		{18526871-E149-471C-BE9F-2ADD691E66A6}.Debug|Any CPU.ActiveCfg = Debug|Any CPU
		{18526871-E149-471C-BE9F-2ADD691E66A6}.Debug|Any CPU.Build.0 = Debug|Any CPU
		{18526871-E149-471C-BE9F-2ADD691E66A6}.Release|Any CPU.ActiveCfg = Release|Any CPU
		{18526871-E149-471C-BE9F-2ADD691E66A6}.Release|Any CPU.Build.0 = Release|Any CPU
		{CDB862D2-3F57-417A-AE19-A3ABDD48A1F3}.Debug|Any CPU.ActiveCfg = Debug|Any CPU
		{CDB862D2-3F57-417A-AE19-A3ABDD48A1F3}.Debug|Any CPU.Build.0 = Debug|Any CPU
		{CDB862D2-3F57-417A-AE19-A3ABDD48A1F3}.Release|Any CPU.ActiveCfg = Release|Any CPU
		{CDB862D2-3F57-417A-AE19-A3ABDD48A1F3}.Release|Any CPU.Build.0 = Release|Any CPU
		{E6651E1D-90B8-4B79-9995-B37E47CACCDD}.Debug|Any CPU.ActiveCfg = Debug|Any CPU
		{E6651E1D-90B8-4B79-9995-B37E47CACCDD}.Debug|Any CPU.Build.0 = Debug|Any CPU
		{E6651E1D-90B8-4B79-9995-B37E47CACCDD}.Release|Any CPU.ActiveCfg = Release|Any CPU
		{E6651E1D-90B8-4B79-9995-B37E47CACCDD}.Release|Any CPU.Build.0 = Release|Any CPU
		{763E7502-0C4B-438D-BEE8-CF979D01DB2D}.Debug|Any CPU.ActiveCfg = Debug|Any CPU
		{763E7502-0C4B-438D-BEE8-CF979D01DB2D}.Debug|Any CPU.Build.0 = Debug|Any CPU
		{763E7502-0C4B-438D-BEE8-CF979D01DB2D}.Release|Any CPU.ActiveCfg = Release|Any CPU
		{763E7502-0C4B-438D-BEE8-CF979D01DB2D}.Release|Any CPU.Build.0 = Release|Any CPU
		{990D4793-552A-4765-BA4B-96606B8E8BB3}.Debug|Any CPU.ActiveCfg = Debug|Any CPU
		{990D4793-552A-4765-BA4B-96606B8E8BB3}.Debug|Any CPU.Build.0 = Debug|Any CPU
		{990D4793-552A-4765-BA4B-96606B8E8BB3}.Release|Any CPU.ActiveCfg = Release|Any CPU
		{990D4793-552A-4765-BA4B-96606B8E8BB3}.Release|Any CPU.Build.0 = Release|Any CPU
		{0B41EFB1-37A5-4561-8662-8E8F48E61C0C}.Debug|Any CPU.ActiveCfg = Debug|Any CPU
		{0B41EFB1-37A5-4561-8662-8E8F48E61C0C}.Debug|Any CPU.Build.0 = Debug|Any CPU
		{0B41EFB1-37A5-4561-8662-8E8F48E61C0C}.Release|Any CPU.ActiveCfg = Release|Any CPU
		{0B41EFB1-37A5-4561-8662-8E8F48E61C0C}.Release|Any CPU.Build.0 = Release|Any CPU
		{25A0231D-A6C4-4887-A7A6-32EBCD8EEDB2}.Debug|Any CPU.ActiveCfg = Debug|Any CPU
		{25A0231D-A6C4-4887-A7A6-32EBCD8EEDB2}.Debug|Any CPU.Build.0 = Debug|Any CPU
		{25A0231D-A6C4-4887-A7A6-32EBCD8EEDB2}.Release|Any CPU.ActiveCfg = Release|Any CPU
		{25A0231D-A6C4-4887-A7A6-32EBCD8EEDB2}.Release|Any CPU.Build.0 = Release|Any CPU
		{01EED18A-2D32-41A8-BF41-5265CA4C43B2}.Debug|Any CPU.ActiveCfg = Debug|Any CPU
		{01EED18A-2D32-41A8-BF41-5265CA4C43B2}.Debug|Any CPU.Build.0 = Debug|Any CPU
		{01EED18A-2D32-41A8-BF41-5265CA4C43B2}.Release|Any CPU.ActiveCfg = Release|Any CPU
		{01EED18A-2D32-41A8-BF41-5265CA4C43B2}.Release|Any CPU.Build.0 = Release|Any CPU
		{6AF77828-C857-44A1-A882-A65CA3952505}.Debug|Any CPU.ActiveCfg = Debug|Any CPU
		{6AF77828-C857-44A1-A882-A65CA3952505}.Debug|Any CPU.Build.0 = Debug|Any CPU
		{6AF77828-C857-44A1-A882-A65CA3952505}.Release|Any CPU.ActiveCfg = Release|Any CPU
		{6AF77828-C857-44A1-A882-A65CA3952505}.Release|Any CPU.Build.0 = Release|Any CPU
		{2436B804-10B7-4970-9BBA-B81DB632FDE0}.Debug|Any CPU.ActiveCfg = Debug|Any CPU
		{2436B804-10B7-4970-9BBA-B81DB632FDE0}.Debug|Any CPU.Build.0 = Debug|Any CPU
		{2436B804-10B7-4970-9BBA-B81DB632FDE0}.Release|Any CPU.ActiveCfg = Release|Any CPU
		{2436B804-10B7-4970-9BBA-B81DB632FDE0}.Release|Any CPU.Build.0 = Release|Any CPU
		{C21E79BD-4199-4514-8F6A-D4DDAA671CE5}.Debug|Any CPU.ActiveCfg = Debug|Any CPU
		{C21E79BD-4199-4514-8F6A-D4DDAA671CE5}.Debug|Any CPU.Build.0 = Debug|Any CPU
		{C21E79BD-4199-4514-8F6A-D4DDAA671CE5}.Release|Any CPU.ActiveCfg = Release|Any CPU
		{C21E79BD-4199-4514-8F6A-D4DDAA671CE5}.Release|Any CPU.Build.0 = Release|Any CPU
		{0C9C1BA1-00AD-41FF-8C54-885370D0E3C7}.Debug|Any CPU.ActiveCfg = Debug|Any CPU
		{0C9C1BA1-00AD-41FF-8C54-885370D0E3C7}.Debug|Any CPU.Build.0 = Debug|Any CPU
		{0C9C1BA1-00AD-41FF-8C54-885370D0E3C7}.Release|Any CPU.ActiveCfg = Release|Any CPU
		{0C9C1BA1-00AD-41FF-8C54-885370D0E3C7}.Release|Any CPU.Build.0 = Release|Any CPU
		{6F1D2211-922A-4A9A-A6EB-368600183406}.Debug|Any CPU.ActiveCfg = Debug|Any CPU
		{6F1D2211-922A-4A9A-A6EB-368600183406}.Debug|Any CPU.Build.0 = Debug|Any CPU
		{6F1D2211-922A-4A9A-A6EB-368600183406}.Release|Any CPU.ActiveCfg = Release|Any CPU
		{6F1D2211-922A-4A9A-A6EB-368600183406}.Release|Any CPU.Build.0 = Release|Any CPU
		{922CED8F-6D27-4D1B-94BF-0EA3666822A2}.Debug|Any CPU.ActiveCfg = Debug|Any CPU
		{922CED8F-6D27-4D1B-94BF-0EA3666822A2}.Debug|Any CPU.Build.0 = Debug|Any CPU
		{922CED8F-6D27-4D1B-94BF-0EA3666822A2}.Release|Any CPU.ActiveCfg = Release|Any CPU
		{922CED8F-6D27-4D1B-94BF-0EA3666822A2}.Release|Any CPU.Build.0 = Release|Any CPU
		{3CFC3164-0D2C-4D0D-8E0C-C2C13C8A99AA}.Debug|Any CPU.ActiveCfg = Debug|Any CPU
		{3CFC3164-0D2C-4D0D-8E0C-C2C13C8A99AA}.Debug|Any CPU.Build.0 = Debug|Any CPU
		{3CFC3164-0D2C-4D0D-8E0C-C2C13C8A99AA}.Release|Any CPU.ActiveCfg = Release|Any CPU
		{3CFC3164-0D2C-4D0D-8E0C-C2C13C8A99AA}.Release|Any CPU.Build.0 = Release|Any CPU
		{3F4013EC-CAC2-4473-85C5-4E502F35051E}.Debug|Any CPU.ActiveCfg = Debug|Any CPU
		{3F4013EC-CAC2-4473-85C5-4E502F35051E}.Debug|Any CPU.Build.0 = Debug|Any CPU
		{3F4013EC-CAC2-4473-85C5-4E502F35051E}.Release|Any CPU.ActiveCfg = Release|Any CPU
		{3F4013EC-CAC2-4473-85C5-4E502F35051E}.Release|Any CPU.Build.0 = Release|Any CPU
		{7CC6A69D-1A6D-46D7-B3A0-89294B97A073}.Debug|Any CPU.ActiveCfg = Debug|Any CPU
		{7CC6A69D-1A6D-46D7-B3A0-89294B97A073}.Debug|Any CPU.Build.0 = Debug|Any CPU
		{7CC6A69D-1A6D-46D7-B3A0-89294B97A073}.Release|Any CPU.ActiveCfg = Release|Any CPU
		{7CC6A69D-1A6D-46D7-B3A0-89294B97A073}.Release|Any CPU.Build.0 = Release|Any CPU
		{14A5EAF1-E770-346D-97AC-1AFDC9B9C1B2}.Debug|Any CPU.ActiveCfg = Debug|Any CPU
		{14A5EAF1-E770-346D-97AC-1AFDC9B9C1B2}.Debug|Any CPU.Build.0 = Debug|Any CPU
		{14A5EAF1-E770-346D-97AC-1AFDC9B9C1B2}.Release|Any CPU.ActiveCfg = Release|Any CPU
		{14A5EAF1-E770-346D-97AC-1AFDC9B9C1B2}.Release|Any CPU.Build.0 = Release|Any CPU
		{FE628F89-03E3-4D1A-BF9D-1917B596E41A}.Debug|Any CPU.ActiveCfg = Debug|Any CPU
		{FE628F89-03E3-4D1A-BF9D-1917B596E41A}.Debug|Any CPU.Build.0 = Debug|Any CPU
		{FE628F89-03E3-4D1A-BF9D-1917B596E41A}.Release|Any CPU.ActiveCfg = Release|Any CPU
		{FE628F89-03E3-4D1A-BF9D-1917B596E41A}.Release|Any CPU.Build.0 = Release|Any CPU
		{D51E4121-4D2C-499D-A471-48D7DEBDDD07}.Debug|Any CPU.ActiveCfg = Debug|Any CPU
		{D51E4121-4D2C-499D-A471-48D7DEBDDD07}.Debug|Any CPU.Build.0 = Debug|Any CPU
		{D51E4121-4D2C-499D-A471-48D7DEBDDD07}.Release|Any CPU.ActiveCfg = Release|Any CPU
		{D51E4121-4D2C-499D-A471-48D7DEBDDD07}.Release|Any CPU.Build.0 = Release|Any CPU
		{9AACC421-AD0D-4B78-93E9-7A5206350F00}.Debug|Any CPU.ActiveCfg = Debug|Any CPU
		{9AACC421-AD0D-4B78-93E9-7A5206350F00}.Debug|Any CPU.Build.0 = Debug|Any CPU
		{9AACC421-AD0D-4B78-93E9-7A5206350F00}.Release|Any CPU.ActiveCfg = Release|Any CPU
		{9AACC421-AD0D-4B78-93E9-7A5206350F00}.Release|Any CPU.Build.0 = Release|Any CPU
	EndGlobalSection
	GlobalSection(SolutionProperties) = preSolution
		HideSolutionNode = FALSE
	EndGlobalSection
	GlobalSection(ExtensibilityGlobals) = postSolution
		SolutionGuid = {6782C782-90F2-4ED8-9AD4-3424C1AE3E37}
	EndGlobalSection
EndGlobal
